{
  "version": 1,
  "dependencies": {
    "net8.0": {
      "Microsoft.NET.Test.Sdk": {
        "type": "Direct",
        "requested": "[17.11.0, )",
        "resolved": "17.11.0",
        "contentHash": "fH7P0LihMXgnlNLtrXGetHd30aQcD+YrSbWXbCPBnrypdRApPgNqd/TgncTlSVY1bbLYdnvpBgts2dcnK37GzA==",
        "dependencies": {
          "Microsoft.CodeCoverage": "17.11.0",
          "Microsoft.TestPlatform.TestHost": "17.11.0"
        }
      },
      "xunit": {
        "type": "Direct",
        "requested": "[2.9.2, )",
        "resolved": "2.9.2",
        "contentHash": "7LhFS2N9Z6Xgg8aE5lY95cneYivRMfRI8v+4PATa4S64D5Z/Plkg0qa8dTRHSiGRgVZ/CL2gEfJDE5AUhOX+2Q==",
        "dependencies": {
          "xunit.analyzers": "1.16.0",
          "xunit.assert": "2.9.2",
          "xunit.core": "[2.9.2]"
        }
      },
      "xunit.runner.visualstudio": {
        "type": "Direct",
        "requested": "[2.8.2, )",
        "resolved": "2.8.2",
        "contentHash": "vm1tbfXhFmjFMUmS4M0J0ASXz3/U5XvXBa6DOQUL3fEz4Vt6YPhv+ESCarx6M6D+9kJkJYZKCNvJMas1+nVfmQ=="
      },
      "Discord.Net": {
        "type": "Transitive",
        "resolved": "3.20.1",
        "contentHash": "w2FlsFEWtjXURyDsTvxpYhnkCxF4M04o4m5qc672bOcKvQQB+DE+HnpumaHPVzIbWAhxfT20tpHTpeR/Od41hg==",
        "dependencies": {
          "Discord.Net.Commands": "3.20.1",
          "Discord.Net.Core": "3.20.1",
          "Discord.Net.Interactions": "3.20.1",
          "Discord.Net.Rest": "3.20.1",
          "Discord.Net.WebSocket": "3.20.1",
          "Discord.Net.Webhook": "3.20.1"
        }
      },
      "Discord.Net.Commands": {
        "type": "Transitive",
        "resolved": "3.20.1",
        "contentHash": "aHBGl0DXdGr25JXnLs95J1w+d2AKV5jDSssaa7fbnqkqx4ysGropaRl2h7zmwMMf+osfGh39jzM96fSHqXKzIQ==",
        "dependencies": {
          "Discord.Net.Core": "3.20.1",
          "Microsoft.Extensions.DependencyInjection.Abstractions": "10.0.0"
        }
      },
      "Discord.Net.Core": {
        "type": "Transitive",
        "resolved": "3.20.1",
        "contentHash": "fgWdbTlcd2ck05OoS03UBd/7kyrgHWATV9o2mvTwReqIB2CCcVPf5Qu8BpUpr3IgGYNHeVg+9J4KnK9DznYT4Q==",
        "dependencies": {
          "Newtonsoft.Json": "13.0.4",
          "System.Linq.AsyncEnumerable": "10.0.0"
        }
      },
      "Discord.Net.Dave": {
        "type": "Transitive",
        "resolved": "3.20.1",
        "contentHash": "fsHIhE5dRHlihOsqwe3WNjgHiS9Xgh8XJWjsuJ/R1nfiSuGFYrEopF7EFMOpIs9z2aHaGKl8GurA8HP6RHoLWg=="
      },
      "Discord.Net.Interactions": {
        "type": "Transitive",
        "resolved": "3.20.1",
        "contentHash": "beNXMFsKwIW2OlCniG+QRAWvuC1bSypSktvMrhihIug02FgAlZKqcjt/EUHfOnMouOdtUXX0tY7NRKreEFIgEQ==",
        "dependencies": {
          "Discord.Net.Core": "3.20.1",
          "Discord.Net.Rest": "3.20.1",
          "Microsoft.Extensions.DependencyInjection.Abstractions": "10.0.0"
        }
      },
      "Discord.Net.Rest": {
        "type": "Transitive",
        "resolved": "3.20.1",
        "contentHash": "vAmHwdpotchmz/rPicB2BrYoU2yWmMuFJhqDv/Ywi4nelIo/O7VYzzHD82iNGm3fYnD+2m+dCcZZGGgga3A7wQ==",
        "dependencies": {
          "Discord.Net.Core": "3.20.1"
        }
      },
      "Discord.Net.Webhook": {
        "type": "Transitive",
        "resolved": "3.20.1",
        "contentHash": "HZ37Guk1FMYUmur+G8K3tUQwIst7HJyTziCA7F4F9LsOvluD60YEnz53XqJH+anyFf42t0tQeJFMbaCOy3jIiQ==",
        "dependencies": {
          "Discord.Net.Core": "3.20.1",
          "Discord.Net.Rest": "3.20.1"
        }
      },
      "Discord.Net.WebSocket": {
        "type": "Transitive",
        "resolved": "3.20.1",
        "contentHash": "/JwHnqfAFkEfZ8nO3dKpImGEFG+pYG9KzcGvNYuHYztMsA2r9+bdk0Y1OxncL53zaE3053wq0AtwlXe8+CDfgQ==",
        "dependencies": {
          "Discord.Net.Core": "3.20.1",
          "Discord.Net.Dave": "3.20.1",
          "Discord.Net.Rest": "3.20.1"
        }
      },
      "Microsoft.CodeCoverage": {
        "type": "Transitive",
        "resolved": "17.11.0",
        "contentHash": "QKcOSuw7MZG4XiQ+pCj+Ib6amOwoRDEO7e3DbxqXeOPXSnfyGXYoZQI8I140s1mKQVn1Vh+c5WlKvCvlgMovpg=="
      },
      "Microsoft.Extensions.DependencyInjection.Abstractions": {
        "type": "Transitive",
        "resolved": "10.0.0",
        "contentHash": "L3AdmZ1WOK4XXT5YFPEwyt0ep6l8lGIPs7F5OOBZc77Zqeo01Of7XXICy47628sdVl0v/owxYJTe86DTgFwKCA=="
      },
      "Microsoft.TestPlatform.ObjectModel": {
        "type": "Transitive",
        "resolved": "17.11.0",
        "contentHash": "PU+CC1yRzbR0IllrtdILaeep7WP5OIrvmWrvCMqG3jB1h4F6Ur7CYHl6ENbDVXPzEvygXh0GWbTyrbjfvgTpAg==",
        "dependencies": {
          "System.Reflection.Metadata": "1.6.0"
        }
      },
      "Microsoft.TestPlatform.TestHost": {
        "type": "Transitive",
        "resolved": "17.11.0",
        "contentHash": "KMzJO3dm3+9W8JRQ3IDviu0v7uXP5Lgii6TuxMc5m8ynaqcGnn7Y18cMb5AsP2xp59uUHO474WZrssxBdb8ZxQ==",
        "dependencies": {
          "Microsoft.TestPlatform.ObjectModel": "17.11.0",
          "Newtonsoft.Json": "13.0.1"
        }
      },
      "Newtonsoft.Json": {
        "type": "Transitive",
        "resolved": "13.0.4",
        "contentHash": "pdgNNMai3zv51W5aq268sujXUyx7SNdE2bj1wZcWjAQrKMFZV260lbqYop1d2GM67JI1huLRwxo9ZqnfF/lC6A=="
      },
      "System.Linq.AsyncEnumerable": {
        "type": "Transitive",
        "resolved": "10.0.0",
        "contentHash": "t1jnw7So3eeZVemma+82w+Y394oPX1bebkr3gY3IzyotP3kKC/JWwGRz2WssoUFODWWvkACT2hXliumgCHu9LQ=="
      },
      "System.Reflection.Metadata": {
        "type": "Transitive",
        "resolved": "1.6.0",
        "contentHash": "COC1aiAJjCoA5GBF+QKL2uLqEBew4JsCkQmoHKbN3TlOZKa2fKLz5CpiRQKDz0RsAOEGsVKqOD5bomsXq/4STQ=="
      },
      "System.Security.Cryptography.ProtectedData": {
        "type": "Transitive",
        "resolved": "8.0.0",
        "contentHash": "+TUFINV2q2ifyXauQXRwy4CiBhqvDEDZeVJU7qfxya4aRYOKzVBpN+4acx25VcPB9ywUN6C0n8drWl110PhZEg=="
      },
      "xunit.abstractions": {
        "type": "Transitive",
        "resolved": "2.0.3",
        "contentHash": "pot1I4YOxlWjIb5jmwvvQNbTrZ3lJQ+jUGkGjWE3hEFM0l5gOnBWS+H3qsex68s5cO52g+44vpGzhAt+42vwKg=="
      },
      "xunit.analyzers": {
        "type": "Transitive",
        "resolved": "1.16.0",
        "contentHash": "hptYM7vGr46GUIgZt21YHO4rfuBAQS2eINbFo16CV/Dqq+24Tp+P5gDCACu1AbFfW4Sp/WRfDPSK8fmUUb8s0Q=="
      },
      "xunit.assert": {
        "type": "Transitive",
        "resolved": "2.9.2",
        "contentHash": "QkNBAQG4pa66cholm28AxijBjrmki98/vsEh4Sx5iplzotvPgpiotcxqJQMRC8d7RV7nIT8ozh97957hDnZwsQ=="
      },
      "xunit.core": {
        "type": "Transitive",
        "resolved": "2.9.2",
        "contentHash": "O6RrNSdmZ0xgEn5kT927PNwog5vxTtKrWMihhhrT0Sg9jQ7iBDciYOwzBgP2krBEk5/GBXI18R1lKvmnxGcb4w==",
        "dependencies": {
          "xunit.extensibility.core": "[2.9.2]",
          "xunit.extensibility.execution": "[2.9.2]"
        }
      },
      "xunit.extensibility.core": {
        "type": "Transitive",
        "resolved": "2.9.2",
        "contentHash": "Ol+KlBJz1x8BrdnhN2DeOuLrr1I/cTwtHCggL9BvYqFuVd/TUSzxNT5O0NxCIXth30bsKxgMfdqLTcORtM52yQ==",
        "dependencies": {
          "xunit.abstractions": "2.0.3"
        }
      },
      "xunit.extensibility.execution": {
        "type": "Transitive",
        "resolved": "2.9.2",
        "contentHash": "rKMpq4GsIUIJibXuZoZ8lYp5EpROlnYaRpwu9Zr0sRZXE7JqJfEEbCsUriZqB+ByXCLFBJyjkTRULMdC+U566g==",
        "dependencies": {
          "xunit.extensibility.core": "[2.9.2]"
        }
      },
      "voiceattackdiscordplugin": {
        "type": "Project",
        "dependencies": {
          "Discord.Net": "[3.20.1, )",
          "System.Security.Cryptography.ProtectedData": "[8.0.0, )"
        }
      }
    }
  }
}